
Microsoft Visual Studio Solution File, Format Version 12.00
# Visual Studio 15
Project("{FAE04EC0-301F-11D3-BF4B-00C04F79EFBC}") = "Assembly-CSharp", "Assembly-CSharp.csproj", "{EEE016BC-26CB-E300-D539-27EF115412EC}"
EndProject
Project("{FAE04EC0-301F-11D3-BF4B-00C04F79EFBC}") = "Assembly-CSharp-Editor", "Assembly-CSharp-Editor.csproj", "{33E8CFBE-E04A-42A7-9162-74DFD5D85A9B}"
EndProject
Global
	GlobalSection(SolutionConfigurationPlatforms) = preSolution
		Debug|Any CPU = Debug|Any CPU
		Release|Any CPU = Release|Any CPU
	EndGlobalSection
	GlobalSection(ProjectConfigurationPlatforms) = postSolution
		{EEE016BC-26CB-E300-D539-27EF115412EC}.Debug|Any CPU.ActiveCfg = Debug|Any CPU
		{EEE016BC-26CB-E300-D539-27EF115412EC}.Debug|Any CPU.Build.0 = Debug|Any CPU
		{EEE016BC-26CB-E300-D539-27EF115412EC}.Release|Any CPU.ActiveCfg = Release|Any CPU
		{EEE016BC-26CB-E300-D539-27EF115412EC}.Release|Any CPU.Build.0 = Release|Any CPU
		{33E8CFBE-E04A-42A7-9162-74DFD5D85A9B}.Debug|Any CPU.ActiveCfg = Debug|Any CPU
		{33E8CFBE-E04A-42A7-9162-74DFD5D85A9B}.Debug|Any CPU.Build.0 = Debug|Any CPU
		{33E8CFBE-E04A-42A7-9162-74DFD5D85A9B}.Release|Any CPU.ActiveCfg = Release|Any CPU
		{33E8CFBE-E04A-42A7-9162-74DFD5D85A9B}.Release|Any CPU.Build.0 = Release|Any CPU
	EndGlobalSection
	GlobalSection(SolutionProperties) = preSolution
		HideSolutionNode = FALSE
	EndGlobalSection
EndGlobal
